
Microsoft Visual Studio Solution File, Format Version 12.00
# Visual Studio Version 16
VisualStudioVersion = 16.0.29215.179
MinimumVisualStudioVersion = 10.0.40219.1
Project("{FAE04EC0-301F-11D3-BF4B-00C04F79EFBC}") = "TestApp", "TestApp\TestApp.csproj", "{EADF5C97-0C67-4D67-9C0B-0928DBBD0A87}"
EndProject
Global
	GlobalSection(SolutionConfigurationPlatforms) = preSolution
		Debug|Any CPU = Debug|Any CPU
		Release|Any CPU = Release|Any CPU
	EndGlobalSection
	GlobalSection(ProjectConfigurationPlatforms) = postSolution
		{EADF5C97-0C67-4D67-9C0B-0928DBBD0A87}.Debug|Any CPU.ActiveCfg = Debug|Any CPU
		{EADF5C97-0C67-4D67-9C0B-0928DBBD0A87}.Debug|Any CPU.Build.0 = Debug|Any CPU
		{EADF5C97-0C67-4D67-9C0B-0928DBBD0A87}.Release|Any CPU.ActiveCfg = Release|Any CPU
		{EADF5C97-0C67-4D67-9C0B-0928DBBD0A87}.Release|Any CPU.Build.0 = Release|Any CPU
	EndGlobalSection
	GlobalSection(SolutionProperties) = preSolution
		HideSolutionNode = FALSE
	EndGlobalSection
	GlobalSection(ExtensibilityGlobals) = postSolution
		SolutionGuid = {CD064541-7083-474D-8AA5-EAC6B8B8794D}
	EndGlobalSection
EndGlobal
